
Microsoft Visual Studio Solution File, Format Version 12.00
# Visual Studio 15
VisualStudioVersion = 15.0.26228.4
MinimumVisualStudioVersion = 10.0.40219.1
Project("{FAE04EC0-301F-11D3-BF4B-00C04F79EFBC}") = "GpsApi", "GpsApi\GpsApi.csproj", "{DAB99E81-A24F-4C6C-9325-09DBE9FA7C09}"
EndProject
Project("{FAE04EC0-301F-11D3-BF4B-00C04F79EFBC}") = "GpsApi.Tests", "GpsApi.Tests\GpsApi.Tests.csproj", "{B52C1313-F382-4971-9749-53AC5D430269}"
EndProject
Global
	GlobalSection(SolutionConfigurationPlatforms) = preSolution
		Debug|Any CPU = Debug|Any CPU
		Release|Any CPU = Release|Any CPU
	EndGlobalSection
	GlobalSection(ProjectConfigurationPlatforms) = postSolution
		{DAB99E81-A24F-4C6C-9325-09DBE9FA7C09}.Debug|Any CPU.ActiveCfg = Debug|Any CPU
		{DAB99E81-A24F-4C6C-9325-09DBE9FA7C09}.Debug|Any CPU.Build.0 = Debug|Any CPU
		{DAB99E81-A24F-4C6C-9325-09DBE9FA7C09}.Release|Any CPU.ActiveCfg = Release|Any CPU
		{DAB99E81-A24F-4C6C-9325-09DBE9FA7C09}.Release|Any CPU.Build.0 = Release|Any CPU
		{B52C1313-F382-4971-9749-53AC5D430269}.Debug|Any CPU.ActiveCfg = Debug|Any CPU
		{B52C1313-F382-4971-9749-53AC5D430269}.Debug|Any CPU.Build.0 = Debug|Any CPU
		{B52C1313-F382-4971-9749-53AC5D430269}.Release|Any CPU.ActiveCfg = Release|Any CPU
		{B52C1313-F382-4971-9749-53AC5D430269}.Release|Any CPU.Build.0 = Release|Any CPU
	EndGlobalSection
	GlobalSection(SolutionProperties) = preSolution
		HideSolutionNode = FALSE
	EndGlobalSection
EndGlobal
