
Microsoft Visual Studio Solution File, Format Version 12.00
# Visual Studio 15
VisualStudioVersion = 15.0.26228.4
MinimumVisualStudioVersion = 10.0.40219.1
Project("{FAE04EC0-301F-11D3-BF4B-00C04F79EFBC}") = "netSerialReader", "netSerialReader\netSerialReader.csproj", "{E7A92E45-2A13-4783-8FD8-138B5EF76C6F}"
EndProject
Project("{FAE04EC0-301F-11D3-BF4B-00C04F79EFBC}") = "gpsMessageParser", "gpsMessageParser\gpsMessageParser.csproj", "{D31A0E42-5FD5-4B30-8D95-D391B2E8069D}"
EndProject
Project("{FAE04EC0-301F-11D3-BF4B-00C04F79EFBC}") = "gpsMessageParserTests", "gpsMessageParserTests\gpsMessageParserTests.csproj", "{F034B900-F867-4105-AFCB-FFCB43A4E2C6}"
EndProject
Project("{00D1A9C2-B5F0-4AF3-8072-F6C62B433612}") = "gpsRawData", "gpsRawData\gpsRawData.sqlproj", "{F44204D8-EFAF-4D38-9779-1506D1D1D90C}"
EndProject
Project("{00D1A9C2-B5F0-4AF3-8072-F6C62B433612}") = "gpsDatabase", "gpsDatabase\gpsDatabase.sqlproj", "{F637A56A-C989-427E-8514-A27485D618B3}"
EndProject
Global
	GlobalSection(SolutionConfigurationPlatforms) = preSolution
		Debug|Any CPU = Debug|Any CPU
		Release|Any CPU = Release|Any CPU
	EndGlobalSection
	GlobalSection(ProjectConfigurationPlatforms) = postSolution
		{E7A92E45-2A13-4783-8FD8-138B5EF76C6F}.Debug|Any CPU.ActiveCfg = Debug|Any CPU
		{E7A92E45-2A13-4783-8FD8-138B5EF76C6F}.Debug|Any CPU.Build.0 = Debug|Any CPU
		{E7A92E45-2A13-4783-8FD8-138B5EF76C6F}.Release|Any CPU.ActiveCfg = Release|Any CPU
		{E7A92E45-2A13-4783-8FD8-138B5EF76C6F}.Release|Any CPU.Build.0 = Release|Any CPU
		{D31A0E42-5FD5-4B30-8D95-D391B2E8069D}.Debug|Any CPU.ActiveCfg = Debug|Any CPU
		{D31A0E42-5FD5-4B30-8D95-D391B2E8069D}.Debug|Any CPU.Build.0 = Debug|Any CPU
		{D31A0E42-5FD5-4B30-8D95-D391B2E8069D}.Release|Any CPU.ActiveCfg = Release|Any CPU
		{D31A0E42-5FD5-4B30-8D95-D391B2E8069D}.Release|Any CPU.Build.0 = Release|Any CPU
		{F034B900-F867-4105-AFCB-FFCB43A4E2C6}.Debug|Any CPU.ActiveCfg = Debug|Any CPU
		{F034B900-F867-4105-AFCB-FFCB43A4E2C6}.Debug|Any CPU.Build.0 = Debug|Any CPU
		{F034B900-F867-4105-AFCB-FFCB43A4E2C6}.Release|Any CPU.ActiveCfg = Release|Any CPU
		{F034B900-F867-4105-AFCB-FFCB43A4E2C6}.Release|Any CPU.Build.0 = Release|Any CPU
		{F44204D8-EFAF-4D38-9779-1506D1D1D90C}.Debug|Any CPU.ActiveCfg = Debug|Any CPU
		{F44204D8-EFAF-4D38-9779-1506D1D1D90C}.Debug|Any CPU.Build.0 = Debug|Any CPU
		{F44204D8-EFAF-4D38-9779-1506D1D1D90C}.Debug|Any CPU.Deploy.0 = Debug|Any CPU
		{F44204D8-EFAF-4D38-9779-1506D1D1D90C}.Release|Any CPU.ActiveCfg = Release|Any CPU
		{F44204D8-EFAF-4D38-9779-1506D1D1D90C}.Release|Any CPU.Build.0 = Release|Any CPU
		{F44204D8-EFAF-4D38-9779-1506D1D1D90C}.Release|Any CPU.Deploy.0 = Release|Any CPU
		{F637A56A-C989-427E-8514-A27485D618B3}.Debug|Any CPU.ActiveCfg = Debug|Any CPU
		{F637A56A-C989-427E-8514-A27485D618B3}.Debug|Any CPU.Build.0 = Debug|Any CPU
		{F637A56A-C989-427E-8514-A27485D618B3}.Debug|Any CPU.Deploy.0 = Debug|Any CPU
		{F637A56A-C989-427E-8514-A27485D618B3}.Release|Any CPU.ActiveCfg = Release|Any CPU
		{F637A56A-C989-427E-8514-A27485D618B3}.Release|Any CPU.Build.0 = Release|Any CPU
		{F637A56A-C989-427E-8514-A27485D618B3}.Release|Any CPU.Deploy.0 = Release|Any CPU
	EndGlobalSection
	GlobalSection(SolutionProperties) = preSolution
		HideSolutionNode = FALSE
	EndGlobalSection
EndGlobal
